k8s.io/apimachinery v0.32.2 h1:yoQBR9ZGkA6Rgmhbp/yuT9/g+4lxtsGYwW6dR6BDPLQ=
k8s.io/apimachinery v0.32.2/go.mod h1:GpHVgxoKlTxClKcteaeuF1Ul/lDVb74KpZcxcmLDElE=
k8s.io/kubernetes v1.32.2 h1:mShetlA102UpjRVSGzB+5vjJwy8oPy8FMWrkTH5f37o=
k8s.io/kubernetes v1.32.2/go.mod h1:tiIKO63GcdPRBHW2WiUFm3C0eoLczl3f7qi56Dm1W8I=
